// !$*UTF8*$!
{
	archiveVersion = 1;
	classes = {
	};
	objectVersion = 50;
	objects = {

/* Begin PBXBuildFile section */
		040A5A9624EB62A8008B6B34 /* TaxCalculator WatchKit App.app in Embed Watch Content */ = {isa = PBXBuildFile; fileRef = 040A5A9524EB62A8008B6B34 /* TaxCalculator WatchKit App.app */; settings = {ATTRIBUTES = (RemoveHeadersOnCopy, ); }; };
		040A5A9C24EB62A8008B6B34 /* Interface.storyboard in Resources */ = {isa = PBXBuildFile; fileRef = 040A5A9A24EB62A8008B6B34 /* Interface.storyboard */; };
		040A5A9E24EB62A9008B6B34 /* Assets.xcassets in Resources */ = {isa = PBXBuildFile; fileRef = 040A5A9D24EB62A9008B6B34 /* Assets.xcassets */; };
		040A5AA524EB62A9008B6B34 /* TaxCalculator WatchKit Extension.appex in Embed App Extensions */ = {isa = PBXBuildFile; fileRef = 040A5AA424EB62A9008B6B34 /* TaxCalculator WatchKit Extension.appex */; settings = {ATTRIBUTES = (RemoveHeadersOnCopy, ); }; };
		040A5AAA24EB62A9008B6B34 /* ContentView.swift in Sources */ = {isa = PBXBuildFile; fileRef = 040A5AA924EB62A9008B6B34 /* ContentView.swift */; };
		040A5AAC24EB62A9008B6B34 /* HostingController.swift in Sources */ = {isa = PBXBuildFile; fileRef = 040A5AAB24EB62A9008B6B34 /* HostingController.swift */; };
		040A5AAE24EB62A9008B6B34 /* ExtensionDelegate.swift in Sources */ = {isa = PBXBuildFile; fileRef = 040A5AAD24EB62A9008B6B34 /* ExtensionDelegate.swift */; };
		040A5AB024EB62A9008B6B34 /* NotificationController.swift in Sources */ = {isa = PBXBuildFile; fileRef = 040A5AAF24EB62A9008B6B34 /* NotificationController.swift */; };
		040A5AB224EB62A9008B6B34 /* NotificationView.swift in Sources */ = {isa = PBXBuildFile; fileRef = 040A5AB124EB62A9008B6B34 /* NotificationView.swift */; };
		040A5AB424EB62A9008B6B34 /* Assets.xcassets in Resources */ = {isa = PBXBuildFile; fileRef = 040A5AB324EB62A9008B6B34 /* Assets.xcassets */; };
		040A5AB724EB62A9008B6B34 /* Preview Assets.xcassets in Resources */ = {isa = PBXBuildFile; fileRef = 040A5AB624EB62A9008B6B34 /* Preview Assets.xcassets */; };
		0441879824ECDF4A00FE4EA3 /* CalculatorButton.swift in Sources */ = {isa = PBXBuildFile; fileRef = 0441879724ECDF4A00FE4EA3 /* CalculatorButton.swift */; };
		0441879A24ECDF6C00FE4EA3 /* GlobalEnvironment.swift in Sources */ = {isa = PBXBuildFile; fileRef = 0441879924ECDF6C00FE4EA3 /* GlobalEnvironment.swift */; };
/* End PBXBuildFile section */

/* Begin PBXContainerItemProxy section */
		040A5A9724EB62A8008B6B34 /* PBXContainerItemProxy */ = {
			isa = PBXContainerItemProxy;
			containerPortal = 040A5A8B24EB62A8008B6B34 /* Project object */;
			proxyType = 1;
			remoteGlobalIDString = 040A5A9424EB62A8008B6B34;
			remoteInfo = "TaxCalculator WatchKit App";
		};
		040A5AA624EB62A9008B6B34 /* PBXContainerItemProxy */ = {
			isa = PBXContainerItemProxy;
			containerPortal = 040A5A8B24EB62A8008B6B34 /* Project object */;
			proxyType = 1;
			remoteGlobalIDString = 040A5AA324EB62A9008B6B34;
			remoteInfo = "TaxCalculator WatchKit Extension";
		};
/* End PBXContainerItemProxy section */

/* Begin PBXCopyFilesBuildPhase section */
		040A5ABF24EB62A9008B6B34 /* Embed App Extensions */ = {
			isa = PBXCopyFilesBuildPhase;
			buildActionMask = 2147483647;
			dstPath = "";
			dstSubfolderSpec = 13;
			files = (
				040A5AA524EB62A9008B6B34 /* TaxCalculator WatchKit Extension.appex in Embed App Extensions */,
			);
			name = "Embed App Extensions";
			runOnlyForDeploymentPostprocessing = 0;
		};
		040A5AC324EB62A9008B6B34 /* Embed Watch Content */ = {
			isa = PBXCopyFilesBuildPhase;
			buildActionMask = 2147483647;
			dstPath = "$(CONTENTS_FOLDER_PATH)/Watch";
			dstSubfolderSpec = 16;
			files = (
				040A5A9624EB62A8008B6B34 /* TaxCalculator WatchKit App.app in Embed Watch Content */,
			);
			name = "Embed Watch Content";
			runOnlyForDeploymentPostprocessing = 0;
		};
/* End PBXCopyFilesBuildPhase section */

/* Begin PBXFileReference section */
		040A5A9124EB62A8008B6B34 /* TaxCalculator.app */ = {isa = PBXFileReference; explicitFileType = wrapper.application; includeInIndex = 0; path = TaxCalculator.app; sourceTree = BUILT_PRODUCTS_DIR; };
		040A5A9524EB62A8008B6B34 /* TaxCalculator WatchKit App.app */ = {isa = PBXFileReference; explicitFileType = wrapper.application; includeInIndex = 0; path = "TaxCalculator WatchKit App.app"; sourceTree = BUILT_PRODUCTS_DIR; };
		040A5A9B24EB62A8008B6B34 /* Base */ = {isa = PBXFileReference; lastKnownFileType = file.storyboard; name = Base; path = Base.lproj/Interface.storyboard; sourceTree = "<group>"; };
		040A5A9D24EB62A9008B6B34 /* Assets.xcassets */ = {isa = PBXFileReference; lastKnownFileType = folder.assetcatalog; path = Assets.xcassets; sourceTree = "<group>"; };
		040A5A9F24EB62A9008B6B34 /* Info.plist */ = {isa = PBXFileReference; lastKnownFileType = text.plist.xml; path = Info.plist; sourceTree = "<group>"; };
		040A5AA424EB62A9008B6B34 /* TaxCalculator WatchKit Extension.appex */ = {isa = PBXFileReference; explicitFileType = "wrapper.app-extension"; includeInIndex = 0; path = "TaxCalculator WatchKit Extension.appex"; sourceTree = BUILT_PRODUCTS_DIR; };
		040A5AA924EB62A9008B6B34 /* ContentView.swift */ = {isa = PBXFileReference; lastKnownFileType = sourcecode.swift; path = ContentView.swift; sourceTree = "<group>"; };
		040A5AAB24EB62A9008B6B34 /* HostingController.swift */ = {isa = PBXFileReference; lastKnownFileType = sourcecode.swift; path = HostingController.swift; sourceTree = "<group>"; };
		040A5AAD24EB62A9008B6B34 /* ExtensionDelegate.swift */ = {isa = PBXFileReference; lastKnownFileType = sourcecode.swift; path = ExtensionDelegate.swift; sourceTree = "<group>"; };
		040A5AAF24EB62A9008B6B34 /* NotificationController.swift */ = {isa = PBXFileReference; lastKnownFileType = sourcecode.swift; path = NotificationController.swift; sourceTree = "<group>"; };
		040A5AB124EB62A9008B6B34 /* NotificationView.swift */ = {isa = PBXFileReference; lastKnownFileType = sourcecode.swift; path = NotificationView.swift; sourceTree = "<group>"; };
		040A5AB324EB62A9008B6B34 /* Assets.xcassets */ = {isa = PBXFileReference; lastKnownFileType = folder.assetcatalog; path = Assets.xcassets; sourceTree = "<group>"; };
		040A5AB624EB62A9008B6B34 /* Preview Assets.xcassets */ = {isa = PBXFileReference; lastKnownFileType = folder.assetcatalog; path = "Preview Assets.xcassets"; sourceTree = "<group>"; };
		040A5AB824EB62A9008B6B34 /* Info.plist */ = {isa = PBXFileReference; lastKnownFileType = text.plist.xml; path = Info.plist; sourceTree = "<group>"; };
		040A5AB924EB62A9008B6B34 /* PushNotificationPayload.apns */ = {isa = PBXFileReference; lastKnownFileType = text; path = PushNotificationPayload.apns; sourceTree = "<group>"; };
		0441879724ECDF4A00FE4EA3 /* CalculatorButton.swift */ = {isa = PBXFileReference; lastKnownFileType = sourcecode.swift; path = CalculatorButton.swift; sourceTree = "<group>"; };
		0441879924ECDF6C00FE4EA3 /* GlobalEnvironment.swift */ = {isa = PBXFileReference; lastKnownFileType = sourcecode.swift; path = GlobalEnvironment.swift; sourceTree = "<group>"; };
/* End PBXFileReference section */

/* Begin PBXFrameworksBuildPhase section */
		040A5AA124EB62A9008B6B34 /* Frameworks */ = {
			isa = PBXFrameworksBuildPhase;
			buildActionMask = 2147483647;
			files = (
			);
			runOnlyForDeploymentPostprocessing = 0;
		};
/* End PBXFrameworksBuildPhase section */

/* Begin PBXGroup section */
		040A5A8A24EB62A8008B6B34 = {
			isa = PBXGroup;
			children = (
				040A5A9924EB62A8008B6B34 /* TaxCalculator WatchKit App */,
				040A5AA824EB62A9008B6B34 /* TaxCalculator WatchKit Extension */,
				040A5A9224EB62A8008B6B34 /* Products */,
			);
			sourceTree = "<group>";
		};
		040A5A9224EB62A8008B6B34 /* Products */ = {
			isa = PBXGroup;
			children = (
				040A5A9124EB62A8008B6B34 /* TaxCalculator.app */,
				040A5A9524EB62A8008B6B34 /* TaxCalculator WatchKit App.app */,
				040A5AA424EB62A9008B6B34 /* TaxCalculator WatchKit Extension.appex */,
			);
			name = Products;
			sourceTree = "<group>";
		};
		040A5A9924EB62A8008B6B34 /* TaxCalculator WatchKit App */ = {
			isa = PBXGroup;
			children = (
				040A5A9A24EB62A8008B6B34 /* Interface.storyboard */,
				040A5A9D24EB62A9008B6B34 /* Assets.xcassets */,
				040A5A9F24EB62A9008B6B34 /* Info.plist */,
			);
			path = "TaxCalculator WatchKit App";
			sourceTree = "<group>";
		};
		040A5AA824EB62A9008B6B34 /* TaxCalculator WatchKit Extension */ = {
			isa = PBXGroup;
			children = (
				040A5AA924EB62A9008B6B34 /* ContentView.swift */,
				0441879924ECDF6C00FE4EA3 /* GlobalEnvironment.swift */,
				0441879724ECDF4A00FE4EA3 /* CalculatorButton.swift */,
				040A5AAB24EB62A9008B6B34 /* HostingController.swift */,
				040A5AAD24EB62A9008B6B34 /* ExtensionDelegate.swift */,
				040A5AAF24EB62A9008B6B34 /* NotificationController.swift */,
				040A5AB124EB62A9008B6B34 /* NotificationView.swift */,
				040A5AB324EB62A9008B6B34 /* Assets.xcassets */,
				040A5AB824EB62A9008B6B34 /* Info.plist */,
				040A5AB924EB62A9008B6B34 /* PushNotificationPayload.apns */,
				040A5AB524EB62A9008B6B34 /* Preview Content */,
			);
			path = "TaxCalculator WatchKit Extension";
			sourceTree = "<group>";
		};
		040A5AB524EB62A9008B6B34 /* Preview Content */ = {
			isa = PBXGroup;
			children = (
				040A5AB624EB62A9008B6B34 /* Preview Assets.xcassets */,
			);
			path = "Preview Content";
			sourceTree = "<group>";
		};
/* End PBXGroup section */

/* Begin PBXNativeTarget section */
		040A5A9024EB62A8008B6B34 /* TaxCalculator */ = {
			isa = PBXNativeTarget;
			buildConfigurationList = 040A5AC424EB62A9008B6B34 /* Build configuration list for PBXNativeTarget "TaxCalculator" */;
			buildPhases = (
				040A5A8F24EB62A8008B6B34 /* Resources */,
				040A5AC324EB62A9008B6B34 /* Embed Watch Content */,
			);
			buildRules = (
			);
			dependencies = (
				040A5A9824EB62A8008B6B34 /* PBXTargetDependency */,
			);
			name = TaxCalculator;
			productName = TaxCalculator;
			productReference = 040A5A9124EB62A8008B6B34 /* TaxCalculator.app */;
			productType = "com.apple.product-type.application.watchapp2-container";
		};
		040A5A9424EB62A8008B6B34 /* TaxCalculator WatchKit App */ = {
			isa = PBXNativeTarget;
			buildConfigurationList = 040A5AC024EB62A9008B6B34 /* Build configuration list for PBXNativeTarget "TaxCalculator WatchKit App" */;
			buildPhases = (
				040A5A9324EB62A8008B6B34 /* Resources */,
				040A5ABF24EB62A9008B6B34 /* Embed App Extensions */,
			);
			buildRules = (
			);
			dependencies = (
				040A5AA724EB62A9008B6B34 /* PBXTargetDependency */,
			);
			name = "TaxCalculator WatchKit App";
			productName = "TaxCalculator WatchKit App";
			productReference = 040A5A9524EB62A8008B6B34 /* TaxCalculator WatchKit App.app */;
			productType = "com.apple.product-type.application.watchapp2";
		};
		040A5AA324EB62A9008B6B34 /* TaxCalculator WatchKit Extension */ = {
			isa = PBXNativeTarget;
			buildConfigurationList = 040A5ABC24EB62A9008B6B34 /* Build configuration list for PBXNativeTarget "TaxCalculator WatchKit Extension" */;
			buildPhases = (
				040A5AA024EB62A9008B6B34 /* Sources */,
				040A5AA124EB62A9008B6B34 /* Frameworks */,
				040A5AA224EB62A9008B6B34 /* Resources */,
			);
			buildRules = (
			);
			dependencies = (
			);
			name = "TaxCalculator WatchKit Extension";
			productName = "TaxCalculator WatchKit Extension";
			productReference = 040A5AA424EB62A9008B6B34 /* TaxCalculator WatchKit Extension.appex */;
			productType = "com.apple.product-type.watchkit2-extension";
		};
/* End PBXNativeTarget section */

/* Begin PBXProject section */
		040A5A8B24EB62A8008B6B34 /* Project object */ = {
			isa = PBXProject;
			attributes = {
				LastSwiftUpdateCheck = 1160;
				LastUpgradeCheck = 1160;
				ORGANIZATIONNAME = "村尾慶伸";
				TargetAttributes = {
					040A5A9024EB62A8008B6B34 = {
						CreatedOnToolsVersion = 11.6;
					};
					040A5A9424EB62A8008B6B34 = {
						CreatedOnToolsVersion = 11.6;
					};
					040A5AA324EB62A9008B6B34 = {
						CreatedOnToolsVersion = 11.6;
					};
				};
			};
			buildConfigurationList = 040A5A8E24EB62A8008B6B34 /* Build configuration list for PBXProject "TaxCalculator" */;
			compatibilityVersion = "Xcode 9.3";
			developmentRegion = en;
			hasScannedForEncodings = 0;
			knownRegions = (
				en,
				Base,
			);
			mainGroup = 040A5A8A24EB62A8008B6B34;
			productRefGroup = 040A5A9224EB62A8008B6B34 /* Products */;
			projectDirPath = "";
			projectRoot = "";
			targets = (
				040A5A9024EB62A8008B6B34 /* TaxCalculator */,
				040A5A9424EB62A8008B6B34 /* TaxCalculator WatchKit App */,
				040A5AA324EB62A9008B6B34 /* TaxCalculator WatchKit Extension */,
			);
		};
/* End PBXProject section */

/* Begin PBXResourcesBuildPhase section */
		040A5A8F24EB62A8008B6B34 /* Resources */ = {
			isa = PBXResourcesBuildPhase;
			buildActionMask = 2147483647;
			files = (
			);
			runOnlyForDeploymentPostprocessing = 0;
		};
		040A5A9324EB62A8008B6B34 /* Resources */ = {
			isa = PBXResourcesBuildPhase;
			buildActionMask = 2147483647;
			files = (
				040A5A9E24EB62A9008B6B34 /* Assets.xcassets in Resources */,
				040A5A9C24EB62A8008B6B34 /* Interface.storyboard in Resources */,
			);
			runOnlyForDeploymentPostprocessing = 0;
		};
		040A5AA224EB62A9008B6B34 /* Resources */ = {
			isa = PBXResourcesBuildPhase;
			buildActionMask = 2147483647;
			files = (
				040A5AB724EB62A9008B6B34 /* Preview Assets.xcassets in Resources */,
				040A5AB424EB62A9008B6B34 /* Assets.xcassets in Resources */,
			);
			runOnlyForDeploymentPostprocessing = 0;
		};
/* End PBXResourcesBuildPhase section */

/* Begin PBXSourcesBuildPhase section */
		040A5AA024EB62A9008B6B34 /* Sources */ = {
			isa = PBXSourcesBuildPhase;
			buildActionMask = 2147483647;
			files = (
				0441879A24ECDF6C00FE4EA3 /* GlobalEnvironment.swift in Sources */,
				040A5AAC24EB62A9008B6B34 /* HostingController.swift in Sources */,
				0441879824ECDF4A00FE4EA3 /* CalculatorButton.swift in Sources */,
				040A5AAA24EB62A9008B6B34 /* ContentView.swift in Sources */,
				040A5AB024EB62A9008B6B34 /* NotificationController.swift in Sources */,
				040A5AAE24EB62A9008B6B34 /* ExtensionDelegate.swift in Sources */,
				040A5AB224EB62A9008B6B34 /* NotificationView.swift in Sources */,
			);
			runOnlyForDeploymentPostprocessing = 0;
		};
/* End PBXSourcesBuildPhase section */

/* Begin PBXTargetDependency section */
		040A5A9824EB62A8008B6B34 /* PBXTargetDependency */ = {
			isa = PBXTargetDependency;
			target = 040A5A9424EB62A8008B6B34 /* TaxCalculator WatchKit App */;
			targetProxy = 040A5A9724EB62A8008B6B34 /* PBXContainerItemProxy */;
		};
		040A5AA724EB62A9008B6B34 /* PBXTargetDependency */ = {
			isa = PBXTargetDependency;
			target = 040A5AA324EB62A9008B6B34 /* TaxCalculator WatchKit Extension */;
			targetProxy = 040A5AA624EB62A9008B6B34 /* PBXContainerItemProxy */;
		};
/* End PBXTargetDependency section */

/* Begin PBXVariantGroup section */
		040A5A9A24EB62A8008B6B34 /* Interface.storyboard */ = {
			isa = PBXVariantGroup;
			children = (
				040A5A9B24EB62A8008B6B34 /* Base */,
			);
			name = Interface.storyboard;
			sourceTree = "<group>";
		};
/* End PBXVariantGroup section */

/* Begin XCBuildConfiguration section */
		040A5ABA24EB62A9008B6B34 /* Debug */ = {
			isa = XCBuildConfiguration;
			buildSettings = {
				ALWAYS_SEARCH_USER_PATHS = NO;
				CLANG_ANALYZER_NONNULL = YES;
				CLANG_ANALYZER_NUMBER_OBJECT_CONVERSION = YES_AGGRESSIVE;
				CLANG_CXX_LANGUAGE_STANDARD = "gnu++14";
				CLANG_CXX_LIBRARY = "libc++";
				CLANG_ENABLE_MODULES = YES;
				CLANG_ENABLE_OBJC_ARC = YES;
				CLANG_ENABLE_OBJC_WEAK = YES;
				CLANG_WARN_BLOCK_CAPTURE_AUTORELEASING = YES;
				CLANG_WARN_BOOL_CONVERSION = YES;
				CLANG_WARN_COMMA = YES;
				CLANG_WARN_CONSTANT_CONVERSION = YES;
				CLANG_WARN_DEPRECATED_OBJC_IMPLEMENTATIONS = YES;
				CLANG_WARN_DIRECT_OBJC_ISA_USAGE = YES_ERROR;
				CLANG_WARN_DOCUMENTATION_COMMENTS = YES;
				CLANG_WARN_EMPTY_BODY = YES;
				CLANG_WARN_ENUM_CONVERSION = YES;
				CLANG_WARN_INFINITE_RECURSION = YES;
				CLANG_WARN_INT_CONVERSION = YES;
				CLANG_WARN_NON_LITERAL_NULL_CONVERSION = YES;
				CLANG_WARN_OBJC_IMPLICIT_RETAIN_SELF = YES;
				CLANG_WARN_OBJC_LITERAL_CONVERSION = YES;
				CLANG_WARN_OBJC_ROOT_CLASS = YES_ERROR;
				CLANG_WARN_RANGE_LOOP_ANALYSIS = YES;
				CLANG_WARN_STRICT_PROTOTYPES = YES;
				CLANG_WARN_SUSPICIOUS_MOVE = YES;
				CLANG_WARN_UNGUARDED_AVAILABILITY = YES_AGGRESSIVE;
				CLANG_WARN_UNREACHABLE_CODE = YES;
				CLANG_WARN__DUPLICATE_METHOD_MATCH = YES;
				COPY_PHASE_STRIP = NO;
				DEBUG_INFORMATION_FORMAT = dwarf;
				ENABLE_STRICT_OBJC_MSGSEND = YES;
				ENABLE_TESTABILITY = YES;
				GCC_C_LANGUAGE_STANDARD = gnu11;
				GCC_DYNAMIC_NO_PIC = NO;
				GCC_NO_COMMON_BLOCKS = YES;
				GCC_OPTIMIZATION_LEVEL = 0;
				GCC_PREPROCESSOR_DEFINITIONS = (
					"DEBUG=1",
					"$(inherited)",
				);
				GCC_WARN_64_TO_32_BIT_CONVERSION = YES;
				GCC_WARN_ABOUT_RETURN_TYPE = YES_ERROR;
				GCC_WARN_UNDECLARED_SELECTOR = YES;
				GCC_WARN_UNINITIALIZED_AUTOS = YES_AGGRESSIVE;
				GCC_WARN_UNUSED_FUNCTION = YES;
				GCC_WARN_UNUSED_VARIABLE = YES;
				MTL_ENABLE_DEBUG_INFO = INCLUDE_SOURCE;
				MTL_FAST_MATH = YES;
				ONLY_ACTIVE_ARCH = YES;
				SDKROOT = iphoneos;
				SWIFT_ACTIVE_COMPILATION_CONDITIONS = DEBUG;
				SWIFT_OPTIMIZATION_LEVEL = "-Onone";
			};
			name = Debug;
		};
		040A5ABB24EB62A9008B6B34 /* Release */ = {
			isa = XCBuildConfiguration;
			buildSettings = {
				ALWAYS_SEARCH_USER_PATHS = NO;
				CLANG_ANALYZER_NONNULL = YES;
				CLANG_ANALYZER_NUMBER_OBJECT_CONVERSION = YES_AGGRESSIVE;
				CLANG_CXX_LANGUAGE_STANDARD = "gnu++14";
				CLANG_CXX_LIBRARY = "libc++";
				CLANG_ENABLE_MODULES = YES;
				CLANG_ENABLE_OBJC_ARC = YES;
				CLANG_ENABLE_OBJC_WEAK = YES;
				CLANG_WARN_BLOCK_CAPTURE_AUTORELEASING = YES;
				CLANG_WARN_BOOL_CONVERSION = YES;
				CLANG_WARN_COMMA = YES;
				CLANG_WARN_CONSTANT_CONVERSION = YES;
				CLANG_WARN_DEPRECATED_OBJC_IMPLEMENTATIONS = YES;
				CLANG_WARN_DIRECT_OBJC_ISA_USAGE = YES_ERROR;
				CLANG_WARN_DOCUMENTATION_COMMENTS = YES;
				CLANG_WARN_EMPTY_BODY = YES;
				CLANG_WARN_ENUM_CONVERSION = YES;
				CLANG_WARN_INFINITE_RECURSION = YES;
				CLANG_WARN_INT_CONVERSION = YES;
				CLANG_WARN_NON_LITERAL_NULL_CONVERSION = YES;
				CLANG_WARN_OBJC_IMPLICIT_RETAIN_SELF = YES;
				CLANG_WARN_OBJC_LITERAL_CONVERSION = YES;
				CLANG_WARN_OBJC_ROOT_CLASS = YES_ERROR;
				CLANG_WARN_RANGE_LOOP_ANALYSIS = YES;
				CLANG_WARN_STRICT_PROTOTYPES = YES;
				CLANG_WARN_SUSPICIOUS_MOVE = YES;
				CLANG_WARN_UNGUARDED_AVAILABILITY = YES_AGGRESSIVE;
				CLANG_WARN_UNREACHABLE_CODE = YES;
				CLANG_WARN__DUPLICATE_METHOD_MATCH = YES;
				COPY_PHASE_STRIP = NO;
				DEBUG_INFORMATION_FORMAT = "dwarf-with-dsym";
				ENABLE_NS_ASSERTIONS = NO;
				ENABLE_STRICT_OBJC_MSGSEND = YES;
				GCC_C_LANGUAGE_STANDARD = gnu11;
				GCC_NO_COMMON_BLOCKS = YES;
				GCC_WARN_64_TO_32_BIT_CONVERSION = YES;
				GCC_WARN_ABOUT_RETURN_TYPE = YES_ERROR;
				GCC_WARN_UNDECLARED_SELECTOR = YES;
				GCC_WARN_UNINITIALIZED_AUTOS = YES_AGGRESSIVE;
				GCC_WARN_UNUSED_FUNCTION = YES;
				GCC_WARN_UNUSED_VARIABLE = YES;
				MTL_ENABLE_DEBUG_INFO = NO;
				MTL_FAST_MATH = YES;
				SDKROOT = iphoneos;
				SWIFT_COMPILATION_MODE = wholemodule;
				SWIFT_OPTIMIZATION_LEVEL = "-O";
				VALIDATE_PRODUCT = YES;
			};
			name = Release;
		};
		040A5ABD24EB62A9008B6B34 /* Debug */ = {
			isa = XCBuildConfiguration;
			buildSettings = {
				ASSETCATALOG_COMPILER_COMPLICATION_NAME = Complication;
				CODE_SIGN_STYLE = Automatic;
				DEVELOPMENT_ASSET_PATHS = "\"TaxCalculator WatchKit Extension/Preview Content\"";
				DEVELOPMENT_TEAM = 479D88RPDD;
				ENABLE_PREVIEWS = YES;
				INFOPLIST_FILE = "TaxCalculator WatchKit Extension/Info.plist";
				LD_RUNPATH_SEARCH_PATHS = (
					"$(inherited)",
					"@executable_path/Frameworks",
					"@executable_path/../../Frameworks",
				);
				PRODUCT_BUNDLE_IDENTIFIER = com.yoshinobu.TaxCalculator.watchkitapp.watchkitextension;
				PRODUCT_NAME = "${TARGET_NAME}";
				SDKROOT = watchos;
				SKIP_INSTALL = YES;
				SWIFT_VERSION = 5.0;
				TARGETED_DEVICE_FAMILY = 4;
				WATCHOS_DEPLOYMENT_TARGET = 6.2;
			};
			name = Debug;
		};
		040A5ABE24EB62A9008B6B34 /* Release */ = {
			isa = XCBuildConfiguration;
			buildSettings = {
				ASSETCATALOG_COMPILER_COMPLICATION_NAME = Complication;
				CODE_SIGN_STYLE = Automatic;
				DEVELOPMENT_ASSET_PATHS = "\"TaxCalculator WatchKit Extension/Preview Content\"";
				DEVELOPMENT_TEAM = 479D88RPDD;
				ENABLE_PREVIEWS = YES;
				INFOPLIST_FILE = "TaxCalculator WatchKit Extension/Info.plist";
				LD_RUNPATH_SEARCH_PATHS = (
					"$(inherited)",
					"@executable_path/Frameworks",
					"@executable_path/../../Frameworks",
				);
				PRODUCT_BUNDLE_IDENTIFIER = com.yoshinobu.TaxCalculator.watchkitapp.watchkitextension;
				PRODUCT_NAME = "${TARGET_NAME}";
				SDKROOT = watchos;
				SKIP_INSTALL = YES;
				SWIFT_VERSION = 5.0;
				TARGETED_DEVICE_FAMILY = 4;
				WATCHOS_DEPLOYMENT_TARGET = 6.2;
			};
			name = Release;
		};
		040A5AC124EB62A9008B6B34 /* Debug */ = {
			isa = XCBuildConfiguration;
			buildSettings = {
				ALWAYS_EMBED_SWIFT_STANDARD_LIBRARIES = YES;
				ASSETCATALOG_COMPILER_APPICON_NAME = AppIcon;
				CODE_SIGN_STYLE = Automatic;
				DEVELOPMENT_TEAM = 479D88RPDD;
				IBSC_MODULE = TaxCalculator_WatchKit_Extension;
				INFOPLIST_FILE = "TaxCalculator WatchKit App/Info.plist";
				PRODUCT_BUNDLE_IDENTIFIER = com.yoshinobu.TaxCalculator.watchkitapp;
				PRODUCT_NAME = "$(TARGET_NAME)";
				SDKROOT = watchos;
				SKIP_INSTALL = YES;
				SWIFT_VERSION = 5.0;
				TARGETED_DEVICE_FAMILY = 4;
				WATCHOS_DEPLOYMENT_TARGET = 6.2;
			};
			name = Debug;
		};
		040A5AC224EB62A9008B6B34 /* Release */ = {
			isa = XCBuildConfiguration;
			buildSettings = {
				ALWAYS_EMBED_SWIFT_STANDARD_LIBRARIES = YES;
				ASSETCATALOG_COMPILER_APPICON_NAME = AppIcon;
				CODE_SIGN_STYLE = Automatic;
				DEVELOPMENT_TEAM = 479D88RPDD;
				IBSC_MODULE = TaxCalculator_WatchKit_Extension;
				INFOPLIST_FILE = "TaxCalculator WatchKit App/Info.plist";
				PRODUCT_BUNDLE_IDENTIFIER = com.yoshinobu.TaxCalculator.watchkitapp;
				PRODUCT_NAME = "$(TARGET_NAME)";
				SDKROOT = watchos;
				SKIP_INSTALL = YES;
				SWIFT_VERSION = 5.0;
				TARGETED_DEVICE_FAMILY = 4;
				WATCHOS_DEPLOYMENT_TARGET = 6.2;
			};
			name = Release;
		};
		040A5AC524EB62A9008B6B34 /* Debug */ = {
			isa = XCBuildConfiguration;
			buildSettings = {
				CODE_SIGN_STYLE = Automatic;
				CURRENT_PROJECT_VERSION = 1;
				DEVELOPMENT_TEAM = 479D88RPDD;
				MARKETING_VERSION = 1.0;
				PRODUCT_BUNDLE_IDENTIFIER = com.yoshinobu.TaxCalculator;
				PRODUCT_NAME = "$(TARGET_NAME)";
				SWIFT_VERSION = 5.0;
			};
			name = Debug;
		};
		040A5AC624EB62A9008B6B34 /* Release */ = {
			isa = XCBuildConfiguration;
			buildSettings = {
				CODE_SIGN_STYLE = Automatic;
				CURRENT_PROJECT_VERSION = 1;
				DEVELOPMENT_TEAM = 479D88RPDD;
				MARKETING_VERSION = 1.0;
				PRODUCT_BUNDLE_IDENTIFIER = com.yoshinobu.TaxCalculator;
				PRODUCT_NAME = "$(TARGET_NAME)";
				SWIFT_VERSION = 5.0;
			};
			name = Release;
		};
/* End XCBuildConfiguration section */

/* Begin XCConfigurationList section */
		040A5A8E24EB62A8008B6B34 /* Build configuration list for PBXProject "TaxCalculator" */ = {
			isa = XCConfigurationList;
			buildConfigurations = (
				040A5ABA24EB62A9008B6B34 /* Debug */,
				040A5ABB24EB62A9008B6B34 /* Release */,
			);
			defaultConfigurationIsVisible = 0;
			defaultConfigurationName = Release;
		};
		040A5ABC24EB62A9008B6B34 /* Build configuration list for PBXNativeTarget "TaxCalculator WatchKit Extension" */ = {
			isa = XCConfigurationList;
			buildConfigurations = (
				040A5ABD24EB62A9008B6B34 /* Debug */,
				040A5ABE24EB62A9008B6B34 /* Release */,
			);
			defaultConfigurationIsVisible = 0;
			defaultConfigurationName = Release;
		};
		040A5AC024EB62A9008B6B34 /* Build configuration list for PBXNativeTarget "TaxCalculator WatchKit App" */ = {
			isa = XCConfigurationList;
			buildConfigurations = (
				040A5AC124EB62A9008B6B34 /* Debug */,
				040A5AC224EB62A9008B6B34 /* Release */,
			);
			defaultConfigurationIsVisible = 0;
			defaultConfigurationName = Release;
		};
		040A5AC424EB62A9008B6B34 /* Build configuration list for PBXNativeTarget "TaxCalculator" */ = {
			isa = XCConfigurationList;
			buildConfigurations = (
				040A5AC524EB62A9008B6B34 /* Debug */,
				040A5AC624EB62A9008B6B34 /* Release */,
			);
			defaultConfigurationIsVisible = 0;
			defaultConfigurationName = Release;
		};
/* End XCConfigurationList section */
	};
	rootObject = 040A5A8B24EB62A8008B6B34 /* Project object */;
}
